lockfileVersion: '9.0'

settings:
  autoInstallPeers: true
  excludeLinksFromLockfile: false

importers:

  .:
    dependencies:
      lucide-react:
        specifier: ^1.21.0
        version: 1.21.0(react@19.2.7)
      react:
        specifier: ^19.2.7
        version: 19.2.7

packages:

  lucide-react@1.21.0:
    resolution: {integrity: sha512-reEZMXq8Qdd5jg5XYkQ5TR1fB/GiQ7ih4vcrthYDtgjSDwh0i6/YLiGjsWsIwgN49gpAnd4J2elSNzncMEEUUQ==}
    peerDependencies:
      react: ^16.5.1 || ^17.0.0 || ^18.0.0 || ^19.0.0

  react@19.2.7:
    resolution: {integrity: sha512-HNe9WslTbXmFK8o8cmwgAeJFSBvt1bPdHCVKtaaV+WlAN36mpT4hcRpwbf3fY56ar2oIXzsBpOAiIRHAdY0OlQ==}
    engines: {node: '>=0.10.0'}

snapshots:

  lucide-react@1.21.0(react@19.2.7):
    dependencies:
      react: 19.2.7

  react@19.2.7: {}
